
Microsoft Visual Studio Solution File, Format Version 12.00
# Visual Studio Version 17
VisualStudioVersion = 17.11.35222.181
MinimumVisualStudioVersion = 10.0.40219.1
Project("{FAE04EC0-301F-11D3-BF4B-00C04F79EFBC}") = "WinFormsApp1", "WinFormsApp1.csproj", "{97CFF0CC-550E-41E1-AE48-BD7808A78AEB}"
EndProject
Global
	GlobalSection(SolutionConfigurationPlatforms) = preSolution
		Debug|Any CPU = Debug|Any CPU
		Release|Any CPU = Release|Any CPU
	EndGlobalSection
	GlobalSection(ProjectConfigurationPlatforms) = postSolution
		{97CFF0CC-550E-41E1-AE48-BD7808A78AEB}.Debug|Any CPU.ActiveCfg = Debug|Any CPU
		{97CFF0CC-550E-41E1-AE48-BD7808A78AEB}.Debug|Any CPU.Build.0 = Debug|Any CPU
		{97CFF0CC-550E-41E1-AE48-BD7808A78AEB}.Release|Any CPU.ActiveCfg = Release|Any CPU
		{97CFF0CC-550E-41E1-AE48-BD7808A78AEB}.Release|Any CPU.Build.0 = Release|Any CPU
	EndGlobalSection
	GlobalSection(SolutionProperties) = preSolution
		HideSolutionNode = FALSE
	EndGlobalSection
	GlobalSection(ExtensibilityGlobals) = postSolution
		SolutionGuid = {CD9DB900-C1A6-44A3-B4A8-4DF0716C0789}
	EndGlobalSection
EndGlobal
